{
  "name": "nodejs-itea-hw2",
  "version": "1.0.0",
  "lockfileVersion": 1,
  "requires": true,
  "dependencies": {
    "dsc-kek-math": {
      "version": "1.0.1",
      "resolved": "https://registry.npmjs.org/dsc-kek-math/-/dsc-kek-math-1.0.1.tgz",
      "integrity": "sha512-5gXAtA+PWfAwXgQ5/eGXD7OwHmCxaodcByzn542YRgZOo9vMK56Iv2QJ1Q9wdv/LoJs0V0jm8oBFPMScQabN4A=="
    }
  }
}
